// !$*UTF8*$!
{
	archiveVersion = 1;
	classes = {
	};
	objectVersion = 48;
	objects = {

/* Begin PBXBuildFile section */
		0451B422BC1AEADCEFFC1720 /* Pods_CallbacksTests.framework in Frameworks */ = {isa = PBXBuildFile; fileRef = 580FAB81E46FDF1D8D9127AA /* Pods_CallbacksTests.framework */; };
		0A936368731924892078A2A2 /* Pods_CallbacksUITests.framework in Frameworks */ = {isa = PBXBuildFile; fileRef = AC9E0507D021F374A7BE335A /* Pods_CallbacksUITests.framework */; };
		C1EFA1DF032DBE1358A328A2 /* Pods_Callbacks.framework in Frameworks */ = {isa = PBXBuildFile; fileRef = D48219342B7ABA65B9BE7E50 /* Pods_Callbacks.framework */; };
		D11345841F9E0E9600C9CC38 /* AppDelegate.swift in Sources */ = {isa = PBXBuildFile; fileRef = D11345831F9E0E9600C9CC38 /* AppDelegate.swift */; };
		D11345861F9E0E9600C9CC38 /* ViewController.swift in Sources */ = {isa = PBXBuildFile; fileRef = D11345851F9E0E9600C9CC38 /* ViewController.swift */; };
		D11345891F9E0E9600C9CC38 /* Main.storyboard in Resources */ = {isa = PBXBuildFile; fileRef = D11345871F9E0E9600C9CC38 /* Main.storyboard */; };
		D113458B1F9E0E9600C9CC38 /* Assets.xcassets in Resources */ = {isa = PBXBuildFile; fileRef = D113458A1F9E0E9600C9CC38 /* Assets.xcassets */; };
		D113458E1F9E0E9600C9CC38 /* LaunchScreen.storyboard in Resources */ = {isa = PBXBuildFile; fileRef = D113458C1F9E0E9600C9CC38 /* LaunchScreen.storyboard */; };
		D11345991F9E0E9600C9CC38 /* CallbacksTests.swift in Sources */ = {isa = PBXBuildFile; fileRef = D11345981F9E0E9600C9CC38 /* CallbacksTests.swift */; };
		D11345A41F9E0E9600C9CC38 /* CallbacksUITests.swift in Sources */ = {isa = PBXBuildFile; fileRef = D11345A31F9E0E9600C9CC38 /* CallbacksUITests.swift */; };
		D11345B21F9E14DC00C9CC38 /* ExtensionViewController.swift in Sources */ = {isa = PBXBuildFile; fileRef = D11345B11F9E14DC00C9CC38 /* ExtensionViewController.swift */; };
/* End PBXBuildFile section */

/* Begin PBXContainerItemProxy section */
		D11345951F9E0E9600C9CC38 /* PBXContainerItemProxy */ = {
			isa = PBXContainerItemProxy;
			containerPortal = D11345781F9E0E9600C9CC38 /* Project object */;
			proxyType = 1;
			remoteGlobalIDString = D113457F1F9E0E9600C9CC38;
			remoteInfo = Callbacks;
		};
		D11345A01F9E0E9600C9CC38 /* PBXContainerItemProxy */ = {
			isa = PBXContainerItemProxy;
			containerPortal = D11345781F9E0E9600C9CC38 /* Project object */;
			proxyType = 1;
			remoteGlobalIDString = D113457F1F9E0E9600C9CC38;
			remoteInfo = Callbacks;
		};
/* End PBXContainerItemProxy section */

/* Begin PBXFileReference section */
		0519EB11A43F83FD23D715EF /* Pods-CallbacksTests.debug.xcconfig */ = {isa = PBXFileReference; includeInIndex = 1; lastKnownFileType = text.xcconfig; name = "Pods-CallbacksTests.debug.xcconfig"; path = "Pods/Target Support Files/Pods-CallbacksTests/Pods-CallbacksTests.debug.xcconfig"; sourceTree = "<group>"; };
		580FAB81E46FDF1D8D9127AA /* Pods_CallbacksTests.framework */ = {isa = PBXFileReference; explicitFileType = wrapper.framework; includeInIndex = 0; path = Pods_CallbacksTests.framework; sourceTree = BUILT_PRODUCTS_DIR; };
		72193C22043739860802202D /* Pods-CallbacksUITests.debug.xcconfig */ = {isa = PBXFileReference; includeInIndex = 1; lastKnownFileType = text.xcconfig; name = "Pods-CallbacksUITests.debug.xcconfig"; path = "Pods/Target Support Files/Pods-CallbacksUITests/Pods-CallbacksUITests.debug.xcconfig"; sourceTree = "<group>"; };
		7C59990F21F90495384BE6C3 /* Pods-Callbacks.release.xcconfig */ = {isa = PBXFileReference; includeInIndex = 1; lastKnownFileType = text.xcconfig; name = "Pods-Callbacks.release.xcconfig"; path = "Pods/Target Support Files/Pods-Callbacks/Pods-Callbacks.release.xcconfig"; sourceTree = "<group>"; };
		8EC3FA2FB3D776D8508D57C2 /* Pods-CallbacksUITests.release.xcconfig */ = {isa = PBXFileReference; includeInIndex = 1; lastKnownFileType = text.xcconfig; name = "Pods-CallbacksUITests.release.xcconfig"; path = "Pods/Target Support Files/Pods-CallbacksUITests/Pods-CallbacksUITests.release.xcconfig"; sourceTree = "<group>"; };
		AC9E0507D021F374A7BE335A /* Pods_CallbacksUITests.framework */ = {isa = PBXFileReference; explicitFileType = wrapper.framework; includeInIndex = 0; path = Pods_CallbacksUITests.framework; sourceTree = BUILT_PRODUCTS_DIR; };
		B33C75FDE0FE0BDED1440CA1 /* Pods-Callbacks.debug.xcconfig */ = {isa = PBXFileReference; includeInIndex = 1; lastKnownFileType = text.xcconfig; name = "Pods-Callbacks.debug.xcconfig"; path = "Pods/Target Support Files/Pods-Callbacks/Pods-Callbacks.debug.xcconfig"; sourceTree = "<group>"; };
		D11345801F9E0E9600C9CC38 /* Callbacks.app */ = {isa = PBXFileReference; explicitFileType = wrapper.application; includeInIndex = 0; path = Callbacks.app; sourceTree = BUILT_PRODUCTS_DIR; };
		D11345831F9E0E9600C9CC38 /* AppDelegate.swift */ = {isa = PBXFileReference; lastKnownFileType = sourcecode.swift; path = AppDelegate.swift; sourceTree = "<group>"; };
		D11345851F9E0E9600C9CC38 /* ViewController.swift */ = {isa = PBXFileReference; lastKnownFileType = sourcecode.swift; path = ViewController.swift; sourceTree = "<group>"; };
		D11345881F9E0E9600C9CC38 /* Base */ = {isa = PBXFileReference; lastKnownFileType = file.storyboard; name = Base; path = Base.lproj/Main.storyboard; sourceTree = "<group>"; };
		D113458A1F9E0E9600C9CC38 /* Assets.xcassets */ = {isa = PBXFileReference; lastKnownFileType = folder.assetcatalog; path = Assets.xcassets; sourceTree = "<group>"; };
		D113458D1F9E0E9600C9CC38 /* Base */ = {isa = PBXFileReference; lastKnownFileType = file.storyboard; name = Base; path = Base.lproj/LaunchScreen.storyboard; sourceTree = "<group>"; };
		D113458F1F9E0E9600C9CC38 /* Info.plist */ = {isa = PBXFileReference; lastKnownFileType = text.plist.xml; path = Info.plist; sourceTree = "<group>"; };
		D11345941F9E0E9600C9CC38 /* CallbacksTests.xctest */ = {isa = PBXFileReference; explicitFileType = wrapper.cfbundle; includeInIndex = 0; path = CallbacksTests.xctest; sourceTree = BUILT_PRODUCTS_DIR; };
		D11345981F9E0E9600C9CC38 /* CallbacksTests.swift */ = {isa = PBXFileReference; lastKnownFileType = sourcecode.swift; path = CallbacksTests.swift; sourceTree = "<group>"; };
		D113459A1F9E0E9600C9CC38 /* Info.plist */ = {isa = PBXFileReference; lastKnownFileType = text.plist.xml; path = Info.plist; sourceTree = "<group>"; };
		D113459F1F9E0E9600C9CC38 /* CallbacksUITests.xctest */ = {isa = PBXFileReference; explicitFileType = wrapper.cfbundle; includeInIndex = 0; path = CallbacksUITests.xctest; sourceTree = BUILT_PRODUCTS_DIR; };
		D11345A31F9E0E9600C9CC38 /* CallbacksUITests.swift */ = {isa = PBXFileReference; lastKnownFileType = sourcecode.swift; path = CallbacksUITests.swift; sourceTree = "<group>"; };
		D11345A51F9E0E9600C9CC38 /* Info.plist */ = {isa = PBXFileReference; lastKnownFileType = text.plist.xml; path = Info.plist; sourceTree = "<group>"; };
		D11345B11F9E14DC00C9CC38 /* ExtensionViewController.swift */ = {isa = PBXFileReference; lastKnownFileType = sourcecode.swift; path = ExtensionViewController.swift; sourceTree = "<group>"; };
		D48219342B7ABA65B9BE7E50 /* Pods_Callbacks.framework */ = {isa = PBXFileReference; explicitFileType = wrapper.framework; includeInIndex = 0; path = Pods_Callbacks.framework; sourceTree = BUILT_PRODUCTS_DIR; };
		E5E11CAB1FB6090F04B8E546 /* Pods-CallbacksTests.release.xcconfig */ = {isa = PBXFileReference; includeInIndex = 1; lastKnownFileType = text.xcconfig; name = "Pods-CallbacksTests.release.xcconfig"; path = "Pods/Target Support Files/Pods-CallbacksTests/Pods-CallbacksTests.release.xcconfig"; sourceTree = "<group>"; };
/* End PBXFileReference section */

/* Begin PBXFrameworksBuildPhase section */
		D113457D1F9E0E9600C9CC38 /* Frameworks */ = {
			isa = PBXFrameworksBuildPhase;
			buildActionMask = 2147483647;
			files = (
				C1EFA1DF032DBE1358A328A2 /* Pods_Callbacks.framework in Frameworks */,
			);
			runOnlyForDeploymentPostprocessing = 0;
		};
		D11345911F9E0E9600C9CC38 /* Frameworks */ = {
			isa = PBXFrameworksBuildPhase;
			buildActionMask = 2147483647;
			files = (
				0451B422BC1AEADCEFFC1720 /* Pods_CallbacksTests.framework in Frameworks */,
			);
			runOnlyForDeploymentPostprocessing = 0;
		};
		D113459C1F9E0E9600C9CC38 /* Frameworks */ = {
			isa = PBXFrameworksBuildPhase;
			buildActionMask = 2147483647;
			files = (
				0A936368731924892078A2A2 /* Pods_CallbacksUITests.framework in Frameworks */,
			);
			runOnlyForDeploymentPostprocessing = 0;
		};
/* End PBXFrameworksBuildPhase section */

/* Begin PBXGroup section */
		5D9843CEF1193D4631D39608 /* Pods */ = {
			isa = PBXGroup;
			children = (
				B33C75FDE0FE0BDED1440CA1 /* Pods-Callbacks.debug.xcconfig */,
				7C59990F21F90495384BE6C3 /* Pods-Callbacks.release.xcconfig */,
				0519EB11A43F83FD23D715EF /* Pods-CallbacksTests.debug.xcconfig */,
				E5E11CAB1FB6090F04B8E546 /* Pods-CallbacksTests.release.xcconfig */,
				72193C22043739860802202D /* Pods-CallbacksUITests.debug.xcconfig */,
				8EC3FA2FB3D776D8508D57C2 /* Pods-CallbacksUITests.release.xcconfig */,
			);
			name = Pods;
			sourceTree = "<group>";
		};
		D11345771F9E0E9600C9CC38 = {
			isa = PBXGroup;
			children = (
				D11345821F9E0E9600C9CC38 /* Callbacks */,
				D11345971F9E0E9600C9CC38 /* CallbacksTests */,
				D11345A21F9E0E9600C9CC38 /* CallbacksUITests */,
				D992341052C4E43A16677D20 /* Frameworks */,
				5D9843CEF1193D4631D39608 /* Pods */,
				D11345811F9E0E9600C9CC38 /* Products */,
			);
			sourceTree = "<group>";
		};
		D11345811F9E0E9600C9CC38 /* Products */ = {
			isa = PBXGroup;
			children = (
				D11345801F9E0E9600C9CC38 /* Callbacks.app */,
				D11345941F9E0E9600C9CC38 /* CallbacksTests.xctest */,
				D113459F1F9E0E9600C9CC38 /* CallbacksUITests.xctest */,
			);
			name = Products;
			sourceTree = "<group>";
		};
		D11345821F9E0E9600C9CC38 /* Callbacks */ = {
			isa = PBXGroup;
			children = (
				D11345831F9E0E9600C9CC38 /* AppDelegate.swift */,
				D113458A1F9E0E9600C9CC38 /* Assets.xcassets */,
				D11345B11F9E14DC00C9CC38 /* ExtensionViewController.swift */,
				D113458F1F9E0E9600C9CC38 /* Info.plist */,
				D113458C1F9E0E9600C9CC38 /* LaunchScreen.storyboard */,
				D11345871F9E0E9600C9CC38 /* Main.storyboard */,
				D11345851F9E0E9600C9CC38 /* ViewController.swift */,
			);
			path = Callbacks;
			sourceTree = "<group>";
		};
		D11345971F9E0E9600C9CC38 /* CallbacksTests */ = {
			isa = PBXGroup;
			children = (
				D11345981F9E0E9600C9CC38 /* CallbacksTests.swift */,
				D113459A1F9E0E9600C9CC38 /* Info.plist */,
			);
			path = CallbacksTests;
			sourceTree = "<group>";
		};
		D11345A21F9E0E9600C9CC38 /* CallbacksUITests */ = {
			isa = PBXGroup;
			children = (
				D11345A31F9E0E9600C9CC38 /* CallbacksUITests.swift */,
				D11345A51F9E0E9600C9CC38 /* Info.plist */,
			);
			path = CallbacksUITests;
			sourceTree = "<group>";
		};
		D992341052C4E43A16677D20 /* Frameworks */ = {
			isa = PBXGroup;
			children = (
				D48219342B7ABA65B9BE7E50 /* Pods_Callbacks.framework */,
				580FAB81E46FDF1D8D9127AA /* Pods_CallbacksTests.framework */,
				AC9E0507D021F374A7BE335A /* Pods_CallbacksUITests.framework */,
			);
			name = Frameworks;
			sourceTree = "<group>";
		};
/* End PBXGroup section */

/* Begin PBXNativeTarget section */
		D113457F1F9E0E9600C9CC38 /* Callbacks */ = {
			isa = PBXNativeTarget;
			buildConfigurationList = D11345A81F9E0E9600C9CC38 /* Build configuration list for PBXNativeTarget "Callbacks" */;
			buildPhases = (
				CC8BB72F4AB4530F5018CCD3 /* [CP] Check Pods Manifest.lock */,
				D113457C1F9E0E9600C9CC38 /* Sources */,
				D113457D1F9E0E9600C9CC38 /* Frameworks */,
				D113457E1F9E0E9600C9CC38 /* Resources */,
				111E328FCCEE46740D442C49 /* [CP] Embed Pods Frameworks */,
				DAB9CD9DEF5424CF93BD93D7 /* [CP] Copy Pods Resources */,
			);
			buildRules = (
			);
			dependencies = (
			);
			name = Callbacks;
			productName = Callbacks;
			productReference = D11345801F9E0E9600C9CC38 /* Callbacks.app */;
			productType = "com.apple.product-type.application";
		};
		D11345931F9E0E9600C9CC38 /* CallbacksTests */ = {
			isa = PBXNativeTarget;
			buildConfigurationList = D11345AB1F9E0E9600C9CC38 /* Build configuration list for PBXNativeTarget "CallbacksTests" */;
			buildPhases = (
				759695350B4FC82109E8A9BB /* [CP] Check Pods Manifest.lock */,
				D11345901F9E0E9600C9CC38 /* Sources */,
				D11345911F9E0E9600C9CC38 /* Frameworks */,
				D11345921F9E0E9600C9CC38 /* Resources */,
				DA00CD595E1A6502D8DC4D19 /* [CP] Embed Pods Frameworks */,
				2728706F6392D4335C9E8DE3 /* [CP] Copy Pods Resources */,
			);
			buildRules = (
			);
			dependencies = (
				D11345961F9E0E9600C9CC38 /* PBXTargetDependency */,
			);
			name = CallbacksTests;
			productName = CallbacksTests;
			productReference = D11345941F9E0E9600C9CC38 /* CallbacksTests.xctest */;
			productType = "com.apple.product-type.bundle.unit-test";
		};
		D113459E1F9E0E9600C9CC38 /* CallbacksUITests */ = {
			isa = PBXNativeTarget;
			buildConfigurationList = D11345AE1F9E0E9600C9CC38 /* Build configuration list for PBXNativeTarget "CallbacksUITests" */;
			buildPhases = (
				527F334FA654F2422E1CD839 /* [CP] Check Pods Manifest.lock */,
				D113459B1F9E0E9600C9CC38 /* Sources */,
				D113459C1F9E0E9600C9CC38 /* Frameworks */,
				D113459D1F9E0E9600C9CC38 /* Resources */,
				2ED364A8367A03F002E63DBF /* [CP] Embed Pods Frameworks */,
				5BC970A5D07B9C6681F93F7B /* [CP] Copy Pods Resources */,
			);
			buildRules = (
			);
			dependencies = (
				D11345A11F9E0E9600C9CC38 /* PBXTargetDependency */,
			);
			name = CallbacksUITests;
			productName = CallbacksUITests;
			productReference = D113459F1F9E0E9600C9CC38 /* CallbacksUITests.xctest */;
			productType = "com.apple.product-type.bundle.ui-testing";
		};
/* End PBXNativeTarget section */

/* Begin PBXProject section */
		D11345781F9E0E9600C9CC38 /* Project object */ = {
			isa = PBXProject;
			attributes = {
				LastSwiftUpdateCheck = 0900;
				LastUpgradeCheck = 0900;
				ORGANIZATIONNAME = "Ronaldo II Dorado";
				TargetAttributes = {
					D113457F1F9E0E9600C9CC38 = {
						CreatedOnToolsVersion = 9.0;
						ProvisioningStyle = Automatic;
					};
					D11345931F9E0E9600C9CC38 = {
						CreatedOnToolsVersion = 9.0;
						ProvisioningStyle = Automatic;
						TestTargetID = D113457F1F9E0E9600C9CC38;
					};
					D113459E1F9E0E9600C9CC38 = {
						CreatedOnToolsVersion = 9.0;
						ProvisioningStyle = Automatic;
						TestTargetID = D113457F1F9E0E9600C9CC38;
					};
				};
			};
			buildConfigurationList = D113457B1F9E0E9600C9CC38 /* Build configuration list for PBXProject "Callbacks" */;
			compatibilityVersion = "Xcode 8.0";
			developmentRegion = en;
			hasScannedForEncodings = 0;
			knownRegions = (
				en,
				Base,
			);
			mainGroup = D11345771F9E0E9600C9CC38;
			productRefGroup = D11345811F9E0E9600C9CC38 /* Products */;
			projectDirPath = "";
			projectRoot = "";
			targets = (
				D113457F1F9E0E9600C9CC38 /* Callbacks */,
				D11345931F9E0E9600C9CC38 /* CallbacksTests */,
				D113459E1F9E0E9600C9CC38 /* CallbacksUITests */,
			);
		};
/* End PBXProject section */

/* Begin PBXResourcesBuildPhase section */
		D113457E1F9E0E9600C9CC38 /* Resources */ = {
			isa = PBXResourcesBuildPhase;
			buildActionMask = 2147483647;
			files = (
				D113458E1F9E0E9600C9CC38 /* LaunchScreen.storyboard in Resources */,
				D113458B1F9E0E9600C9CC38 /* Assets.xcassets in Resources */,
				D11345891F9E0E9600C9CC38 /* Main.storyboard in Resources */,
			);
			runOnlyForDeploymentPostprocessing = 0;
		};
		D11345921F9E0E9600C9CC38 /* Resources */ = {
			isa = PBXResourcesBuildPhase;
			buildActionMask = 2147483647;
			files = (
			);
			runOnlyForDeploymentPostprocessing = 0;
		};
		D113459D1F9E0E9600C9CC38 /* Resources */ = {
			isa = PBXResourcesBuildPhase;
			buildActionMask = 2147483647;
			files = (
			);
			runOnlyForDeploymentPostprocessing = 0;
		};
/* End PBXResourcesBuildPhase section */

/* Begin PBXShellScriptBuildPhase section */
		111E328FCCEE46740D442C49 /* [CP] Embed Pods Frameworks */ = {
			isa = PBXShellScriptBuildPhase;
			buildActionMask = 2147483647;
			files = (
			);
			inputPaths = (
			);
			name = "[CP] Embed Pods Frameworks";
			outputPaths = (
			);
			runOnlyForDeploymentPostprocessing = 0;
			shellPath = /bin/sh;
			shellScript = "\"${SRCROOT}/Pods/Target Support Files/Pods-Callbacks/Pods-Callbacks-frameworks.sh\"\n";
			showEnvVarsInLog = 0;
		};
		2728706F6392D4335C9E8DE3 /* [CP] Copy Pods Resources */ = {
			isa = PBXShellScriptBuildPhase;
			buildActionMask = 2147483647;
			files = (
			);
			inputPaths = (
			);
			name = "[CP] Copy Pods Resources";
			outputPaths = (
			);
			runOnlyForDeploymentPostprocessing = 0;
			shellPath = /bin/sh;
			shellScript = "\"${SRCROOT}/Pods/Target Support Files/Pods-CallbacksTests/Pods-CallbacksTests-resources.sh\"\n";
			showEnvVarsInLog = 0;
		};
		2ED364A8367A03F002E63DBF /* [CP] Embed Pods Frameworks */ = {
			isa = PBXShellScriptBuildPhase;
			buildActionMask = 2147483647;
			files = (
			);
			inputPaths = (
			);
			name = "[CP] Embed Pods Frameworks";
			outputPaths = (
			);
			runOnlyForDeploymentPostprocessing = 0;
			shellPath = /bin/sh;
			shellScript = "\"${SRCROOT}/Pods/Target Support Files/Pods-CallbacksUITests/Pods-CallbacksUITests-frameworks.sh\"\n";
			showEnvVarsInLog = 0;
		};
		527F334FA654F2422E1CD839 /* [CP] Check Pods Manifest.lock */ = {
			isa = PBXShellScriptBuildPhase;
			buildActionMask = 2147483647;
			files = (
			);
			inputPaths = (
			);
			name = "[CP] Check Pods Manifest.lock";
			outputPaths = (
			);
			runOnlyForDeploymentPostprocessing = 0;
			shellPath = /bin/sh;
			shellScript = "diff \"${PODS_ROOT}/../Podfile.lock\" \"${PODS_ROOT}/Manifest.lock\" > /dev/null\nif [ $? != 0 ] ; then\n    # print error to STDERR\n    echo \"error: The sandbox is not in sync with the Podfile.lock. Run 'pod install' or update your CocoaPods installation.\" >&2\n    exit 1\nfi\n";
			showEnvVarsInLog = 0;
		};
		5BC970A5D07B9C6681F93F7B /* [CP] Copy Pods Resources */ = {
			isa = PBXShellScriptBuildPhase;
			buildActionMask = 2147483647;
			files = (
			);
			inputPaths = (
			);
			name = "[CP] Copy Pods Resources";
			outputPaths = (
			);
			runOnlyForDeploymentPostprocessing = 0;
			shellPath = /bin/sh;
			shellScript = "\"${SRCROOT}/Pods/Target Support Files/Pods-CallbacksUITests/Pods-CallbacksUITests-resources.sh\"\n";
			showEnvVarsInLog = 0;
		};
		759695350B4FC82109E8A9BB /* [CP] Check Pods Manifest.lock */ = {
			isa = PBXShellScriptBuildPhase;
			buildActionMask = 2147483647;
			files = (
			);
			inputPaths = (
			);
			name = "[CP] Check Pods Manifest.lock";
			outputPaths = (
			);
			runOnlyForDeploymentPostprocessing = 0;
			shellPath = /bin/sh;
			shellScript = "diff \"${PODS_ROOT}/../Podfile.lock\" \"${PODS_ROOT}/Manifest.lock\" > /dev/null\nif [ $? != 0 ] ; then\n    # print error to STDERR\n    echo \"error: The sandbox is not in sync with the Podfile.lock. Run 'pod install' or update your CocoaPods installation.\" >&2\n    exit 1\nfi\n";
			showEnvVarsInLog = 0;
		};
		CC8BB72F4AB4530F5018CCD3 /* [CP] Check Pods Manifest.lock */ = {
			isa = PBXShellScriptBuildPhase;
			buildActionMask = 2147483647;
			files = (
			);
			inputPaths = (
			);
			name = "[CP] Check Pods Manifest.lock";
			outputPaths = (
			);
			runOnlyForDeploymentPostprocessing = 0;
			shellPath = /bin/sh;
			shellScript = "diff \"${PODS_ROOT}/../Podfile.lock\" \"${PODS_ROOT}/Manifest.lock\" > /dev/null\nif [ $? != 0 ] ; then\n    # print error to STDERR\n    echo \"error: The sandbox is not in sync with the Podfile.lock. Run 'pod install' or update your CocoaPods installation.\" >&2\n    exit 1\nfi\n";
			showEnvVarsInLog = 0;
		};
		DA00CD595E1A6502D8DC4D19 /* [CP] Embed Pods Frameworks */ = {
			isa = PBXShellScriptBuildPhase;
			buildActionMask = 2147483647;
			files = (
			);
			inputPaths = (
			);
			name = "[CP] Embed Pods Frameworks";
			outputPaths = (
			);
			runOnlyForDeploymentPostprocessing = 0;
			shellPath = /bin/sh;
			shellScript = "\"${SRCROOT}/Pods/Target Support Files/Pods-CallbacksTests/Pods-CallbacksTests-frameworks.sh\"\n";
			showEnvVarsInLog = 0;
		};
		DAB9CD9DEF5424CF93BD93D7 /* [CP] Copy Pods Resources */ = {
			isa = PBXShellScriptBuildPhase;
			buildActionMask = 2147483647;
			files = (
			);
			inputPaths = (
			);
			name = "[CP] Copy Pods Resources";
			outputPaths = (
			);
			runOnlyForDeploymentPostprocessing = 0;
			shellPath = /bin/sh;
			shellScript = "\"${SRCROOT}/Pods/Target Support Files/Pods-Callbacks/Pods-Callbacks-resources.sh\"\n";
			showEnvVarsInLog = 0;
		};
/* End PBXShellScriptBuildPhase section */

/* Begin PBXSourcesBuildPhase section */
		D113457C1F9E0E9600C9CC38 /* Sources */ = {
			isa = PBXSourcesBuildPhase;
			buildActionMask = 2147483647;
			files = (
				D11345861F9E0E9600C9CC38 /* ViewController.swift in Sources */,
				D11345841F9E0E9600C9CC38 /* AppDelegate.swift in Sources */,
				D11345B21F9E14DC00C9CC38 /* ExtensionViewController.swift in Sources */,
			);
			runOnlyForDeploymentPostprocessing = 0;
		};
		D11345901F9E0E9600C9CC38 /* Sources */ = {
			isa = PBXSourcesBuildPhase;
			buildActionMask = 2147483647;
			files = (
				D11345991F9E0E9600C9CC38 /* CallbacksTests.swift in Sources */,
			);
			runOnlyForDeploymentPostprocessing = 0;
		};
		D113459B1F9E0E9600C9CC38 /* Sources */ = {
			isa = PBXSourcesBuildPhase;
			buildActionMask = 2147483647;
			files = (
				D11345A41F9E0E9600C9CC38 /* CallbacksUITests.swift in Sources */,
			);
			runOnlyForDeploymentPostprocessing = 0;
		};
/* End PBXSourcesBuildPhase section */

/* Begin PBXTargetDependency section */
		D11345961F9E0E9600C9CC38 /* PBXTargetDependency */ = {
			isa = PBXTargetDependency;
			target = D113457F1F9E0E9600C9CC38 /* Callbacks */;
			targetProxy = D11345951F9E0E9600C9CC38 /* PBXContainerItemProxy */;
		};
		D11345A11F9E0E9600C9CC38 /* PBXTargetDependency */ = {
			isa = PBXTargetDependency;
			target = D113457F1F9E0E9600C9CC38 /* Callbacks */;
			targetProxy = D11345A01F9E0E9600C9CC38 /* PBXContainerItemProxy */;
		};
/* End PBXTargetDependency section */

/* Begin PBXVariantGroup section */
		D11345871F9E0E9600C9CC38 /* Main.storyboard */ = {
			isa = PBXVariantGroup;
			children = (
				D11345881F9E0E9600C9CC38 /* Base */,
			);
			name = Main.storyboard;
			path = .;
			sourceTree = "<group>";
		};
		D113458C1F9E0E9600C9CC38 /* LaunchScreen.storyboard */ = {
			isa = PBXVariantGroup;
			children = (
				D113458D1F9E0E9600C9CC38 /* Base */,
			);
			name = LaunchScreen.storyboard;
			path = .;
			sourceTree = "<group>";
		};
/* End PBXVariantGroup section */

/* Begin XCBuildConfiguration section */
		D11345A61F9E0E9600C9CC38 /* Debug */ = {
			isa = XCBuildConfiguration;
			buildSettings = {
				ALWAYS_SEARCH_USER_PATHS = NO;
				CLANG_ANALYZER_NONNULL = YES;
				CLANG_ANALYZER_NUMBER_OBJECT_CONVERSION = YES_AGGRESSIVE;
				CLANG_CXX_LANGUAGE_STANDARD = "gnu++14";
				CLANG_CXX_LIBRARY = "libc++";
				CLANG_ENABLE_MODULES = YES;
				CLANG_ENABLE_OBJC_ARC = YES;
				CLANG_WARN_BLOCK_CAPTURE_AUTORELEASING = YES;
				CLANG_WARN_BOOL_CONVERSION = YES;
				CLANG_WARN_COMMA = YES;
				CLANG_WARN_CONSTANT_CONVERSION = YES;
				CLANG_WARN_DIRECT_OBJC_ISA_USAGE = YES_ERROR;
				CLANG_WARN_DOCUMENTATION_COMMENTS = YES;
				CLANG_WARN_EMPTY_BODY = YES;
				CLANG_WARN_ENUM_CONVERSION = YES;
				CLANG_WARN_INFINITE_RECURSION = YES;
				CLANG_WARN_INT_CONVERSION = YES;
				CLANG_WARN_NON_LITERAL_NULL_CONVERSION = YES;
				CLANG_WARN_OBJC_LITERAL_CONVERSION = YES;
				CLANG_WARN_OBJC_ROOT_CLASS = YES_ERROR;
				CLANG_WARN_RANGE_LOOP_ANALYSIS = YES;
				CLANG_WARN_STRICT_PROTOTYPES = YES;
				CLANG_WARN_SUSPICIOUS_MOVE = YES;
				CLANG_WARN_UNGUARDED_AVAILABILITY = YES_AGGRESSIVE;
				CLANG_WARN_UNREACHABLE_CODE = YES;
				CLANG_WARN__DUPLICATE_METHOD_MATCH = YES;
				CODE_SIGN_IDENTITY = "iPhone Developer";
				COPY_PHASE_STRIP = NO;
				DEBUG_INFORMATION_FORMAT = dwarf;
				ENABLE_STRICT_OBJC_MSGSEND = YES;
				ENABLE_TESTABILITY = YES;
				GCC_C_LANGUAGE_STANDARD = gnu11;
				GCC_DYNAMIC_NO_PIC = NO;
				GCC_NO_COMMON_BLOCKS = YES;
				GCC_OPTIMIZATION_LEVEL = 0;
				GCC_PREPROCESSOR_DEFINITIONS = (
					"DEBUG=1",
					"$(inherited)",
				);
				GCC_WARN_64_TO_32_BIT_CONVERSION = YES;
				GCC_WARN_ABOUT_RETURN_TYPE = YES_ERROR;
				GCC_WARN_UNDECLARED_SELECTOR = YES;
				GCC_WARN_UNINITIALIZED_AUTOS = YES_AGGRESSIVE;
				GCC_WARN_UNUSED_FUNCTION = YES;
				GCC_WARN_UNUSED_VARIABLE = YES;
				IPHONEOS_DEPLOYMENT_TARGET = 11.0;
				MTL_ENABLE_DEBUG_INFO = YES;
				ONLY_ACTIVE_ARCH = YES;
				SDKROOT = iphoneos;
				SWIFT_ACTIVE_COMPILATION_CONDITIONS = DEBUG;
				SWIFT_OPTIMIZATION_LEVEL = "-Onone";
			};
			name = Debug;
		};
		D11345A71F9E0E9600C9CC38 /* Release */ = {
			isa = XCBuildConfiguration;
			buildSettings = {
				ALWAYS_SEARCH_USER_PATHS = NO;
				CLANG_ANALYZER_NONNULL = YES;
				CLANG_ANALYZER_NUMBER_OBJECT_CONVERSION = YES_AGGRESSIVE;
				CLANG_CXX_LANGUAGE_STANDARD = "gnu++14";
				CLANG_CXX_LIBRARY = "libc++";
				CLANG_ENABLE_MODULES = YES;
				CLANG_ENABLE_OBJC_ARC = YES;
				CLANG_WARN_BLOCK_CAPTURE_AUTORELEASING = YES;
				CLANG_WARN_BOOL_CONVERSION = YES;
				CLANG_WARN_COMMA = YES;
				CLANG_WARN_CONSTANT_CONVERSION = YES;
				CLANG_WARN_DIRECT_OBJC_ISA_USAGE = YES_ERROR;
				CLANG_WARN_DOCUMENTATION_COMMENTS = YES;
				CLANG_WARN_EMPTY_BODY = YES;
				CLANG_WARN_ENUM_CONVERSION = YES;
				CLANG_WARN_INFINITE_RECURSION = YES;
				CLANG_WARN_INT_CONVERSION = YES;
				CLANG_WARN_NON_LITERAL_NULL_CONVERSION = YES;
				CLANG_WARN_OBJC_LITERAL_CONVERSION = YES;
				CLANG_WARN_OBJC_ROOT_CLASS = YES_ERROR;
				CLANG_WARN_RANGE_LOOP_ANALYSIS = YES;
				CLANG_WARN_STRICT_PROTOTYPES = YES;
				CLANG_WARN_SUSPICIOUS_MOVE = YES;
				CLANG_WARN_UNGUARDED_AVAILABILITY = YES_AGGRESSIVE;
				CLANG_WARN_UNREACHABLE_CODE = YES;
				CLANG_WARN__DUPLICATE_METHOD_MATCH = YES;
				CODE_SIGN_IDENTITY = "iPhone Developer";
				COPY_PHASE_STRIP = NO;
				DEBUG_INFORMATION_FORMAT = "dwarf-with-dsym";
				ENABLE_NS_ASSERTIONS = NO;
				ENABLE_STRICT_OBJC_MSGSEND = YES;
				GCC_C_LANGUAGE_STANDARD = gnu11;
				GCC_NO_COMMON_BLOCKS = YES;
				GCC_WARN_64_TO_32_BIT_CONVERSION = YES;
				GCC_WARN_ABOUT_RETURN_TYPE = YES_ERROR;
				GCC_WARN_UNDECLARED_SELECTOR = YES;
				GCC_WARN_UNINITIALIZED_AUTOS = YES_AGGRESSIVE;
				GCC_WARN_UNUSED_FUNCTION = YES;
				GCC_WARN_UNUSED_VARIABLE = YES;
				IPHONEOS_DEPLOYMENT_TARGET = 11.0;
				MTL_ENABLE_DEBUG_INFO = NO;
				SDKROOT = iphoneos;
				SWIFT_OPTIMIZATION_LEVEL = "-Owholemodule";
				VALIDATE_PRODUCT = YES;
			};
			name = Release;
		};
		D11345A91F9E0E9600C9CC38 /* Debug */ = {
			isa = XCBuildConfiguration;
			baseConfigurationReference = B33C75FDE0FE0BDED1440CA1 /* Pods-Callbacks.debug.xcconfig */;
			buildSettings = {
				ASSETCATALOG_COMPILER_APPICON_NAME = AppIcon;
				CODE_SIGN_STYLE = Automatic;
				DEVELOPMENT_TEAM = L9B5RH7JKU;
				INFOPLIST_FILE = Callbacks/Info.plist;
				LD_RUNPATH_SEARCH_PATHS = "$(inherited) @executable_path/Frameworks";
				PRODUCT_BUNDLE_IDENTIFIER = com.dorado.ronaldo.Callbacks;
				PRODUCT_NAME = "$(TARGET_NAME)";
				SWIFT_VERSION = 3.0;
				TARGETED_DEVICE_FAMILY = "1,2";
			};
			name = Debug;
		};
		D11345AA1F9E0E9600C9CC38 /* Release */ = {
			isa = XCBuildConfiguration;
			baseConfigurationReference = 7C59990F21F90495384BE6C3 /* Pods-Callbacks.release.xcconfig */;
			buildSettings = {
				ASSETCATALOG_COMPILER_APPICON_NAME = AppIcon;
				CODE_SIGN_STYLE = Automatic;
				DEVELOPMENT_TEAM = L9B5RH7JKU;
				INFOPLIST_FILE = Callbacks/Info.plist;
				LD_RUNPATH_SEARCH_PATHS = "$(inherited) @executable_path/Frameworks";
				PRODUCT_BUNDLE_IDENTIFIER = com.dorado.ronaldo.Callbacks;
				PRODUCT_NAME = "$(TARGET_NAME)";
				SWIFT_VERSION = 3.0;
				TARGETED_DEVICE_FAMILY = "1,2";
			};
			name = Release;
		};
		D11345AC1F9E0E9600C9CC38 /* Debug */ = {
			isa = XCBuildConfiguration;
			baseConfigurationReference = 0519EB11A43F83FD23D715EF /* Pods-CallbacksTests.debug.xcconfig */;
			buildSettings = {
				ALWAYS_EMBED_SWIFT_STANDARD_LIBRARIES = YES;
				BUNDLE_LOADER = "$(TEST_HOST)";
				CODE_SIGN_STYLE = Automatic;
				DEVELOPMENT_TEAM = L9B5RH7JKU;
				INFOPLIST_FILE = CallbacksTests/Info.plist;
				LD_RUNPATH_SEARCH_PATHS = "$(inherited) @executable_path/Frameworks @loader_path/Frameworks";
				PRODUCT_BUNDLE_IDENTIFIER = com.dorado.ronaldo.CallbacksTests;
				PRODUCT_NAME = "$(TARGET_NAME)";
				SWIFT_VERSION = 3.0;
				TARGETED_DEVICE_FAMILY = "1,2";
				TEST_HOST = "$(BUILT_PRODUCTS_DIR)/Callbacks.app/Callbacks";
			};
			name = Debug;
		};
		D11345AD1F9E0E9600C9CC38 /* Release */ = {
			isa = XCBuildConfiguration;
			baseConfigurationReference = E5E11CAB1FB6090F04B8E546 /* Pods-CallbacksTests.release.xcconfig */;
			buildSettings = {
				ALWAYS_EMBED_SWIFT_STANDARD_LIBRARIES = YES;
				BUNDLE_LOADER = "$(TEST_HOST)";
				CODE_SIGN_STYLE = Automatic;
				DEVELOPMENT_TEAM = L9B5RH7JKU;
				INFOPLIST_FILE = CallbacksTests/Info.plist;
				LD_RUNPATH_SEARCH_PATHS = "$(inherited) @executable_path/Frameworks @loader_path/Frameworks";
				PRODUCT_BUNDLE_IDENTIFIER = com.dorado.ronaldo.CallbacksTests;
				PRODUCT_NAME = "$(TARGET_NAME)";
				SWIFT_VERSION = 3.0;
				TARGETED_DEVICE_FAMILY = "1,2";
				TEST_HOST = "$(BUILT_PRODUCTS_DIR)/Callbacks.app/Callbacks";
			};
			name = Release;
		};
		D11345AF1F9E0E9600C9CC38 /* Debug */ = {
			isa = XCBuildConfiguration;
			baseConfigurationReference = 72193C22043739860802202D /* Pods-CallbacksUITests.debug.xcconfig */;
			buildSettings = {
				ALWAYS_EMBED_SWIFT_STANDARD_LIBRARIES = YES;
				CODE_SIGN_STYLE = Automatic;
				DEVELOPMENT_TEAM = L9B5RH7JKU;
				INFOPLIST_FILE = CallbacksUITests/Info.plist;
				LD_RUNPATH_SEARCH_PATHS = "$(inherited) @executable_path/Frameworks @loader_path/Frameworks";
				PRODUCT_BUNDLE_IDENTIFIER = com.dorado.ronaldo.CallbacksUITests;
				PRODUCT_NAME = "$(TARGET_NAME)";
				SWIFT_VERSION = 3.0;
				TARGETED_DEVICE_FAMILY = "1,2";
				TEST_TARGET_NAME = Callbacks;
			};
			name = Debug;
		};
		D11345B01F9E0E9600C9CC38 /* Release */ = {
			isa = XCBuildConfiguration;
			baseConfigurationReference = 8EC3FA2FB3D776D8508D57C2 /* Pods-CallbacksUITests.release.xcconfig */;
			buildSettings = {
				ALWAYS_EMBED_SWIFT_STANDARD_LIBRARIES = YES;
				CODE_SIGN_STYLE = Automatic;
				DEVELOPMENT_TEAM = L9B5RH7JKU;
				INFOPLIST_FILE = CallbacksUITests/Info.plist;
				LD_RUNPATH_SEARCH_PATHS = "$(inherited) @executable_path/Frameworks @loader_path/Frameworks";
				PRODUCT_BUNDLE_IDENTIFIER = com.dorado.ronaldo.CallbacksUITests;
				PRODUCT_NAME = "$(TARGET_NAME)";
				SWIFT_VERSION = 3.0;
				TARGETED_DEVICE_FAMILY = "1,2";
				TEST_TARGET_NAME = Callbacks;
			};
			name = Release;
		};
/* End XCBuildConfiguration section */

/* Begin XCConfigurationList section */
		D113457B1F9E0E9600C9CC38 /* Build configuration list for PBXProject "Callbacks" */ = {
			isa = XCConfigurationList;
			buildConfigurations = (
				D11345A61F9E0E9600C9CC38 /* Debug */,
				D11345A71F9E0E9600C9CC38 /* Release */,
			);
			defaultConfigurationIsVisible = 0;
			defaultConfigurationName = Release;
		};
		D11345A81F9E0E9600C9CC38 /* Build configuration list for PBXNativeTarget "Callbacks" */ = {
			isa = XCConfigurationList;
			buildConfigurations = (
				D11345A91F9E0E9600C9CC38 /* Debug */,
				D11345AA1F9E0E9600C9CC38 /* Release */,
			);
			defaultConfigurationIsVisible = 0;
			defaultConfigurationName = Release;
		};
		D11345AB1F9E0E9600C9CC38 /* Build configuration list for PBXNativeTarget "CallbacksTests" */ = {
			isa = XCConfigurationList;
			buildConfigurations = (
				D11345AC1F9E0E9600C9CC38 /* Debug */,
				D11345AD1F9E0E9600C9CC38 /* Release */,
			);
			defaultConfigurationIsVisible = 0;
			defaultConfigurationName = Release;
		};
		D11345AE1F9E0E9600C9CC38 /* Build configuration list for PBXNativeTarget "CallbacksUITests" */ = {
			isa = XCConfigurationList;
			buildConfigurations = (
				D11345AF1F9E0E9600C9CC38 /* Debug */,
				D11345B01F9E0E9600C9CC38 /* Release */,
			);
			defaultConfigurationIsVisible = 0;
			defaultConfigurationName = Release;
		};
/* End XCConfigurationList section */
	};
	rootObject = D11345781F9E0E9600C9CC38 /* Project object */;
}
